github.com/aliyun/aliyun-oss-go-sdk v0.0.0-20190125095113-2b29687e15f2 h1:7oDAZnIvzxoPhyBFLgiBXEqOpNnqS9CJVeazaQpEzmA=
github.com/aliyun/aliyun-oss-go-sdk v0.0.0-20190125095113-2b29687e15f2/go.mod h1:T/Aws4fEfogEE9v+HPhhw+CntffsBHJ8nXQCwKr0/g8=
github.com/robfig/cron v0.0.0-20180505203441-b41be1df6967 h1:x7xEyJDP7Hv3LVgvWhzioQqbC/KtuUhTigKlH/8ehhE=
github.com/robfig/cron v0.0.0-20180505203441-b41be1df6967/go.mod h1:JGuDeoQd7Z6yL4zQhZ3OPEVHB7fL6Ka6skscFHfmt2k=
github.com/wumansgy/goEncrypt v0.0.0-20181110125708-fcc2323017c1 h1:glJj4lhkPftyRb0fLKsGv+8ng+GUkWQJ3EdLI7HAjBo=
github.com/wumansgy/goEncrypt v0.0.0-20181110125708-fcc2323017c1/go.mod h1:d0Tq90dl4xqZEiphQ7dAVEPxcefmY2hSiATq3BfgsVY=
